
Microsoft Visual Studio Solution File, Format Version 12.00
# Visual Studio Version 16
VisualStudioVersion = 16.0.810.21
MinimumVisualStudioVersion = 10.0.40219.1
Project("{FAE04EC0-301F-11D3-BF4B-00C04F79EFBC}") = "AdressBookUsingLinq", "AdressBookUsingLinq\AdressBookUsingLinq.csproj", "{88827D54-AFA7-40F6-A6AA-F49D8A517B4E}"
EndProject
Global
	GlobalSection(SolutionConfigurationPlatforms) = preSolution
		Debug|Any CPU = Debug|Any CPU
		Release|Any CPU = Release|Any CPU
	EndGlobalSection
	GlobalSection(ProjectConfigurationPlatforms) = postSolution
		{88827D54-AFA7-40F6-A6AA-F49D8A517B4E}.Debug|Any CPU.ActiveCfg = Debug|Any CPU
		{88827D54-AFA7-40F6-A6AA-F49D8A517B4E}.Debug|Any CPU.Build.0 = Debug|Any CPU
		{88827D54-AFA7-40F6-A6AA-F49D8A517B4E}.Release|Any CPU.ActiveCfg = Release|Any CPU
		{88827D54-AFA7-40F6-A6AA-F49D8A517B4E}.Release|Any CPU.Build.0 = Release|Any CPU
	EndGlobalSection
	GlobalSection(SolutionProperties) = preSolution
		HideSolutionNode = FALSE
	EndGlobalSection
	GlobalSection(ExtensibilityGlobals) = postSolution
		SolutionGuid = {7FFF1825-9B88-49F8-8DE8-10FD88EC6D5D}
	EndGlobalSection
EndGlobal
